hash: 3e745fbe8124e77554cafe40085013de5cb31401328aa4f0aa3ac9920149d320
updated: 2017-09-27T16:11:01.464412333-05:00
imports:
- name: github.com/abiosoft/ishell
  version: 882d93fdb8756b26764a5e225dbcf0a416375fc3
- name: github.com/brandfolder/gin-gorelic
  version: b3200fd6d4c7c434fd4d4d7ecb39a3c43aa8253c
- name: github.com/cactus/go-statsd-client
  version: 1139cdac1a56e404b5382e3a3503a2c587d2c0c3
  subpackages:
  - statsd
- name: github.com/certifi/gocertifi
  version: a9c833d2837d3b16888d55d5aafa9ffe9afb22b0
- name: github.com/dgrijalva/jwt-go
  version: a539ee1a749a2b895533f979515ac7e6e0f5b650
- name: github.com/dustin/go-humanize
  version: 259d2a102b871d17f30e3cd9881a642961a1e486
- name: github.com/facebookgo/inject
  version: cc1aa653e50f6a9893bcaef89e673e5b24e1e97b
- name: github.com/fernandez14/go-enlacefiscal
  version: efc34ef617b29a746f5dea729377a637d6a3144b
- name: github.com/fernandez14/go-siftscience
  version: a71bc26fcb076b1573669b38604e590d5fc87474
- name: github.com/ftrvxmtrx/gravatar
  version: 5aaa334f4e974f251f8049520e0decd9b50ae53f
- name: github.com/getsentry/raven-go
  version: b9f2aa2550bb0e89ab351d6fd59decd608b84ac1
- name: github.com/gin-gonic/contrib
  version: d4fc5a96cc0d29cb0e862bb1312dd6f4fedfcaee
  subpackages:
  - sessions
- name: github.com/gin-gonic/gin
  version: d5b353c5d5a560322e6d96121c814115562501f7
  subpackages:
  - binding
- name: github.com/goinggo/work
  version: e2c4d06662b4a79fa3db3a83f65d6e252620c55e
- name: github.com/googollee/go-socket.io
  version: 5447e71f36d394766bf855d5714a487596809f0d
- name: github.com/hjr265/postmark.go
  version: 5546b2897115a65a0b2a9f2763f8c4253fc6423a
  subpackages:
  - postmark
- name: github.com/iron-io/iron_go3
  version: 830335d420db87fc84cbff7f0d1348a46b499946
  subpackages:
  - mq
- name: github.com/jinzhu/now
  version: d939ba741945c047cac69c329c5fb0d6b4a06520
- name: github.com/kennygrant/sanitize
  version: 6a0bfdde8629a3a3a7418a7eae45c54154692514
- name: github.com/leebenson/paypal
  version: c3509b40ec2e4824dbbd2b8afe31012734f1eebc
- name: github.com/markbates/goth
  version: b42646a8c004dbf41e95cc94838a7c73ba9097d8
- name: github.com/messagebird/go-rest-api
  version: c8643b4c74a7b7b89565aa6fbfa77ec555a2c830
- name: github.com/mikespook/gorbac
  version: 9224fa92b700b1cfc192844ae817e5f8efbf0df3
- name: github.com/mitchellh/goamz
  version: caaaea8b30ee15616494ee68abd5d8ebbbef05cf
  subpackages:
  - aws
  - s3
- name: github.com/newrelic/go-agent
  version: 29ec3cd1bb2f21d21d36da37dae52695cb2c3a17
- name: github.com/olebedev/config
  version: afea898d27c7d17376ecc60c7c2e73c76b40060e
- name: github.com/op/go-logging
  version: 970db520ece77730c7e4724c61121037378659d9
- name: github.com/pebbe/zmq4
  version: 651d7b11cd31b16fb4c76741c234e258b6a8039b
- name: github.com/robfig/cron
  version: 736158dc09e10f1911ca3a1e1b01f11b566ce5db
- name: github.com/rs/cors
  version: 8dd4211afb5d08dbb39a533b9bb9e4b486351df6
- name: github.com/satori/go.uuid
  version: 5bf94b69c6b68ee1b541973bb8e1144db23a194b
- name: github.com/spf13/cobra
  version: d7cfb134748502f60bc1797cd26fcc3e4eb4b927
- name: github.com/stackimpact/stackimpact-go
  version: c1b1c80d824719d3707b33ccdf7bec89695957f2
- name: github.com/stripe/stripe-go
  version: 21787176ce9293820f3169b29b8d7fe92afb1a5a
  subpackages:
  - charge
- name: github.com/xuyu/goredis
  version: 89fbe9474b3758ff3adf0b7b29c95aeed115fb7b
- name: golang.org/x/crypto
  version: e7ba82683099cae71475961448ab8f903ea77c26
  subpackages:
  - ssh
- name: golang.org/x/text
  version: 5ee49cfe751141f8017047bab800d1f528ee3be1
  subpackages:
  - unicode/norm
- name: gopkg.in/h2non/bimg.v0
  version: a0fc602e695f180c997b219dea06b50229c252bd
- name: gopkg.in/mgo.v2
  version: 3f83fa5005286a7fe593b055f0d7771a7dce4655
  subpackages:
  - bson
- name: gopkg.in/op/go-logging.v1
  version: b2cb9fa56473e98db8caba80237377e83fe44db5
testImports: []
