hash: a998f5ce00a1d0afa94f50596884f369ed4b59c195f642e313539a27633a2380
updated: 2016-06-20T12:54:06.280287152-05:00
imports:
- name: collectd.org
  version: 9fc824c70f713ea0f058a07b49a4c563ef2a3b98
- name: github.com/algolia/algoliasearch-client-go
  version: 014752bdad6f8bbf05510219b1b7b0d1ac2e5243
  subpackages:
  - algoliasearch
- name: github.com/armon/consul-api
  version: dcfedd50ed5334f96adee43fc88518a4f095e15c
- name: github.com/armon/go-metrics
  version: 345426c77237ece5dab0e1605c3e4b35c3f54757
- name: github.com/beorn7/perks
  version: 3ac7bf7a47d159a033b107610db8a1b6575507a4
- name: github.com/bmizerany/pat
  version: b8a35001b773c267eb260a691f4e5499a3531600
- name: github.com/boj/redistore
  version: fc113767cd6b051980f260d6dbe84b2740c46ab0
- name: github.com/boltdb/bolt
  version: 2f846c3551b76d7710f159be840d66c3d064abbe
- name: github.com/bradfitz/gomemcache
  version: fb1f79c6b65acda83063cbc69f6bba1522558bfc
- name: github.com/brandfolder/gin-gorelic
  version: b3200fd6d4c7c434fd4d4d7ecb39a3c43aa8253c
- name: github.com/BurntSushi/toml
  version: a4eecd407cf4129fc902ece859a0114e4cf1a7f4
- name: github.com/cactus/go-statsd-client
  version: 622050b6bcde4795a7bab76c613019f121e36fe2
  subpackages:
  - statsd
- name: github.com/CloudCom/fireauth
  version: a9bc3901b2ed3797c49c67d78f748a69806cc237
- name: github.com/codegangsta/inject
  version: 33e0aa1cb7c019ccc3fbe049a8262a6403d30504
- name: github.com/codegangsta/negroni
  version: 6da9f018688507217e8dfdd868ac05fb54210858
- name: github.com/coreos/go-etcd
  version: 003851be7bb0694fe3cc457a49529a19388ee7cf
- name: github.com/cosn/firebase
  version: 9a5bce64e5c22fba9ea18907bfa8dff54bd4ac12
- name: github.com/cpuguy83/go-md2man
  version: 2724a9c9051aa62e9cca11304e7dd518e9e41599
- name: github.com/DataDog/datadog-go
  version: cc2f4770f4d61871e19bfee967bc767fe730b0d9
- name: github.com/davecgh/go-spew
  version: fc32781af5e85e548d3f1abaf0fa3dbe8a72495c
- name: github.com/dgrijalva/jwt-go
  version: a2c85815a77d0f951e33ba4db5ae93629a1530af
- name: github.com/dgryski/go-bits
  version: 86c69b3c986f9d40065df5bd8f765796549eef2e
- name: github.com/dgryski/go-bitstream
  version: 27cd5973303fde7d914860be1ea4b927a6be0c92
- name: github.com/dustin/go-humanize
  version: f3565c9525600a911af3bd34f8b535ea81b2a9e0
- name: github.com/elazarl/go-bindata-assetfs
  version: 57eb5e1fc594ad4b0b1dbea7b286d299e0cb43c2
- name: github.com/facebookgo/inject
  version: d5029152fecb2a8e68f7f8eb3c6391fc8ee70496
- name: github.com/facebookgo/structtag
  version: 217e25fb96916cc60332e399c9aa63f5c422ceed
- name: github.com/fernandez14/go-enlacefiscal
  version: efc34ef617b29a746f5dea729377a637d6a3144b
- name: github.com/fernandez14/go-siftscience
  version: a71bc26fcb076b1573669b38604e590d5fc87474
- name: github.com/fsnotify/fsnotify
  version: 30411dbcefb7a1da7e84f75530ad3abe4011b4f8
- name: github.com/ftrvxmtrx/gravatar
  version: 5aaa334f4e974f251f8049520e0decd9b50ae53f
- name: github.com/garyburd/redigo
  version: 55d64223b60ff7c6a7f1c391f611038a88a86b01
- name: github.com/getsentry/raven-go
  version: 1cc47a9463b90f246a0503d4c2e9a55c9459ced3
- name: github.com/gin-gonic/contrib
  version: 14f66d54cdb96059bafca98665bcc6d9df4951f2
  subpackages:
  - sessions
- name: github.com/gin-gonic/gin
  version: 00b10c30a00cdba00ba288154052b9e29ec4d0bf
  subpackages:
  - binding
- name: github.com/go-martini/martini
  version: 0c6ad5903d2bf9337762caa9c357247279c230c3
- name: github.com/gogo/protobuf
  version: 74b6e9deaff6ba6da1389ec97351d337f0d08b06
- name: github.com/goinggo/work
  version: e2c4d06662b4a79fa3db3a83f65d6e252620c55e
- name: github.com/goji/param
  version: da86c81e3e3c23b1948bc7a003d381250a032aa7
- name: github.com/golang/protobuf
  version: 2402d76f3d41f928c7902a765dfc872356dd3aad
- name: github.com/golang/snappy
  version: 5979233c5d6225d4a8e438cdd0b411888449ddab
- name: github.com/googollee/go-engine.io
  version: a66cf68b24e56df0cacdc6041b93742f983a296a
- name: github.com/googollee/go-socket.io
  version: 7000a8a5cd56ab1c3ead7cf33de3e9b2b1906af4
- name: github.com/gorilla/context
  version: 1c83b3eabd45b6d76072b66b746c20815fb2872d
- name: github.com/gorilla/securecookie
  version: e95799a481bbcc3d01c2ad5178524cb8bec9f370
- name: github.com/gorilla/sessions
  version: c7070b76d6855676921194cdc383b3d7804c9f8b
- name: github.com/gorilla/websocket
  version: 5c91b59efa232fa9a87b705d54101832c498a172
- name: github.com/hashicorp/go-msgpack
  version: fa3f63826f7c23912c15263591e65d54d080b458
- name: github.com/hashicorp/hcl
  version: 9a905a34e6280ce905da1a32344b25e81011197a
- name: github.com/hashicorp/raft
  version: 8fd9a2fdfd154f4b393aa24cff91e3c317efe839
- name: github.com/hashicorp/raft-boltdb
  version: d1e82c1ec3f15ee991f7cc7ffd5b67ff6f5bbaee
- name: github.com/hjr265/postmark.go
  version: 6d6b3dad1442bf91f92f0dc0caf703ee85a4f2c1
  subpackages:
  - postmark
- name: github.com/howeyc/gopass
  version: 66487b23f2880ba32e185121d2cd51a338ea069a
- name: github.com/influxdata/usage-client
  version: 475977e68d79883d9c8d67131c84e4241523f452
- name: github.com/influxdb/influxdb
  version: 1bfc83204600af5485436a155413886a8eea68e9
- name: github.com/iron-io/iron_go3
  version: 4aec4b86e69b521ea83e4434e274630585b73b54
  subpackages:
  - mq
- name: github.com/jessevdk/go-flags
  version: 6b9493b3cb60367edd942144879646604089e3f7
- name: github.com/jinzhu/now
  version: ce80572eb55aa0ac839330041ca9db1afa5f1f6c
- name: github.com/jmcvetta/napping
  version: 32c9eedd6eb69d9a7ce0eb999deb620e0aafb5b4
- name: github.com/jmcvetta/neoism
  version: 66fd640d319cdca6bfa9da2c55b449b70cca224c
  repo: https://github.com/jmcvetta/neoism
- name: github.com/jmcvetta/randutil
  version: 2bb1b664bcff821e02b2a0644cd29c7e824d54f8
- name: github.com/julienschmidt/httprouter
  version: 77366a47451a56bb3ba682481eed85b64fea14e8
- name: github.com/justinas/alice
  version: 052b8b6c18edb9db317af86806d8e00ebaa94160
- name: github.com/jwilder/encoding
  version: b421ab402545ef5a119f4f827784c6551d9bfc37
- name: github.com/kennygrant/sanitize
  version: ce9fd1f6ce32afaa38b51feea32320fc8875e8e4
- name: github.com/kimor79/gollectd
  version: 61d0deeb4ffcc167b2a1baa8efd72365692811bc
- name: github.com/kr/pretty
  version: add1dbc86daf0f983cd4a48ceb39deb95c729b67
- name: github.com/kr/pty
  version: f7ee69f31298ecbe5d2b349c711e2547a617d398
- name: github.com/kr/text
  version: 7cafcd837844e784b526369c9bce262804aebc60
- name: github.com/leebenson/paypal
  version: c3509b40ec2e4824dbbd2b8afe31012734f1eebc
- name: github.com/magiconair/properties
  version: c265cfa48dda6474e208715ca93e987829f572f8
- name: github.com/manucorporat/sse
  version: ee05b128a739a0fb76c7ebd3ae4810c1de808d6d
- name: github.com/martini-contrib/render
  version: ec18f8345a1181146728238980606fb1d6f40e8c
- name: github.com/matttproud/golang_protobuf_extensions
  version: c12348ce28de40eed0136aa2b644d0ee0650e56c
- name: github.com/mikespook/gorbac
  version: 020331115160ba2bdf58fc4027561c195ab9e75e
- name: github.com/mitchellh/goamz
  version: caaaea8b30ee15616494ee68abd5d8ebbbef05cf
  subpackages:
  - aws
  - s3
- name: github.com/mitchellh/mapstructure
  version: d2dd0262208475919e1a362f675cfc0e7c10e905
- name: github.com/motain/gocheck
  version: 9beb271d26e640863a5bf4a3c5ea40ccdd466b84
- name: github.com/olebedev/config
  version: e3edea7d68b76222b5118cc2e1cf3825e30abb80
- name: github.com/oxtoacart/bpool
  version: 4e1c5567d7c2dd59fa4c7c83d34c2f3528b025d6
- name: github.com/paulbellamy/ratecounter
  version: 5a11f585a31379765c190c033b6ad39956584447
- name: github.com/pborman/uuid
  version: c55201b036063326c5b1b89ccfe45a184973d073
- name: github.com/pebbe/zmq4
  version: 83e3214acbc851e6f7d5be2d0c02886c6d752203
- name: github.com/peterh/liner
  version: 82a939e738b0ee23e84ec7a12d8e216f4d95c53f
- name: github.com/pmezard/go-difflib
  version: 792786c7400a136282c1664665ae0a8db921c6c2
  subpackages:
  - difflib
- name: github.com/prometheus/client_golang
  version: b90ee0840e8e7dfb84c08d13b9c4f3a794586a21
- name: github.com/prometheus/client_model
  version: fa8ad6fec33561be4280a8f0514318c79d7f6cb6
- name: github.com/prometheus/common
  version: dd586c1c5abb0be59e60f942c22af711a2008cb4
- name: github.com/prometheus/procfs
  version: abf152e5f3e97f2fafac028d2cc06c1feb87ffa5
- name: github.com/rakyll/statik
  version: 274df120e9065bdd08eb1120e0375e3dc1ae8465
- name: github.com/rcrowley/go-metrics
  version: eeba7bd0dd01ace6e690fa833b3f22aaec29af43
- name: github.com/robfig/cron
  version: 32d9c273155a0506d27cf73dd1246e86a470997e
- name: github.com/robfig/go-cache
  version: 9fc39e0dbf62c034ec4e45e6120fc69433a3ec51
- name: github.com/rs/cors
  version: 5950cf11d77f8a61b432a25dd4d444b4ced01379
- name: github.com/rs/xhandler
  version: d9d9599b6aaf6a058cb7b1f48291ded2cbd13390
- name: github.com/russross/blackfriday
  version: 2004188462c3946efefbdcd91aa83e49b4175bfb
- name: github.com/satori/go.uuid
  version: e673fdd4dea8a7334adbbe7f57b7e4b00bdc5502
- name: github.com/shurcooL/sanitized_anchor_name
  version: 10ef21a441db47d8b13ebcc5fd2310f636973c77
- name: github.com/Sirupsen/logrus
  version: cd7d1bbe41066b6c1f19780f895901052150a575
- name: github.com/spf13/cast
  version: 27b586b42e29bec072fe7379259cc719e1289da6
- name: github.com/spf13/cobra
  version: 65a708cee0a4424f4e353d031ce440643e312f92
- name: github.com/spf13/jwalterweatherman
  version: 33c24e77fb80341fe7130ee7c594256ff08ccc46
- name: github.com/spf13/pflag
  version: 7f60f83a2c81bc3c3c0d5297f61ddfa68da9d3b7
- name: github.com/spf13/viper
  version: d8a428b8a30606e1d0b355d91edf282609ade1a6
- name: github.com/stathat/go
  version: 91dfa3a59c5b233fef9a346a1460f6e2bc889d93
- name: github.com/stretchr/objx
  version: cbeaeb16a013161a98496fad62933b1d21786672
- name: github.com/stretchr/testify
  version: f390dcf405f7b83c997eac1b06768bb9f44dec18
  subpackages:
  - assert
- name: github.com/stripe/stripe-go
  version: 1c5790a942605dbd24258e40c42c9dc8614737ce
  subpackages:
  - charge
- name: github.com/tj/go-debug
  version: ff4a55a20a86994118644bbddc6a216da193cc13
- name: github.com/ugorji/go
  version: a396ed22fc049df733440d90efe17475e3929ccb
- name: github.com/vaughan0/go-ini
  version: a98ad7ee00ec53921f08832bc06ecf7fd600e6a1
- name: github.com/visionmedia/go-debug
  version: ff4a55a20a86994118644bbddc6a216da193cc13
- name: github.com/xordataexchange/crypt
  version: 749e360c8f236773f28fc6d3ddfce4a470795227
- name: github.com/xuyu/goredis
  version: 300f7e8cf453e2ea44337b3969d3aecf1a92ebe3
- name: github.com/yvasiyarov/go-metrics
  version: c25f46c4b94079672242ec48a545e7ca9ebe3aec
- name: github.com/yvasiyarov/gorelic
  version: 899fe5e1be7138f2440c28e77532f0635c1249f1
- name: github.com/yvasiyarov/newrelic_platform_go
  version: db03d6dfd965ebc22dbfd910567c641b326ff055
- name: github.com/zenazn/goji
  version: 64eb34159fe53473206c2b3e70fe396a639452f2
- name: golang.org/x/crypto
  version: 1f22c0103821b9390939b6776727195525381532
  subpackages:
  - ssh
- name: golang.org/x/net
  version: f315505cf3349909cdf013ea56690da34e96a451
- name: golang.org/x/sys
  version: 33267e036fd93fcd26ea95b7bdaf2d8306cb743c
- name: golang.org/x/text
  version: a71fd10341b064c10f4a81ceac72bcf70f26ea34
  subpackages:
  - unicode/norm
- name: golang.org/x/tools
  version: 8b178a93c1f5b5c8f4e36cd6bd64e0d5bf0ee180
- name: gopkg.in/airbrake/gobrake.v2
  version: 31c8ff1fb8b79a6947e6565e9a6df535f98a6b94
- name: gopkg.in/fatih/pool.v2
  version: cba550ebf9bce999a02e963296d4bc7a486cb715
- name: gopkg.in/gemnasium/logrus-airbrake-hook.v2
  version: 31e6fd4bd5a98d8ee7673d24bc54ec73c31810dd
- name: gopkg.in/go-playground/validator.v8
  version: c193cecd124b5cc722d7ee5538e945bdb3348435
- name: gopkg.in/h2non/bimg.v0
  version: eb9d6938e19c840497c2c6a02076552a7d96166f
- name: gopkg.in/jmcvetta/napping.v3
  version: 5be8267a453ffa5b80c4af7fa4cfc1d04d3cfd5c
- name: gopkg.in/jmcvetta/neoism.v1
  version: c37ec30845b63d9f168f55e837c787e08a15e9a6
- name: gopkg.in/mgo.v2
  version: d90005c5262a3463800497ea5a89aed5fe22c886
  subpackages:
  - bson
- name: gopkg.in/tomb.v2
  version: 14b3d72120e8d10ea6e6b7f87f7175734b1faab8
- name: gopkg.in/yaml.v2
  version: f7716cbe52baa25d2e9b0d0da546fcf909fc16b4
devImports: []
