hash: e6c3f16d3fa5c2837fc776abf7cc1a5b7c46095b1a6cfe68283e8f6b51fddea2
updated: 2017-06-03T14:00:39.800274496-05:00
imports:
- name: github.com/abiosoft/ishell
  version: 882d93fdb8756b26764a5e225dbcf0a416375fc3
- name: github.com/algolia/algoliasearch-client-go
  version: 72addd6549095b979c0f9aab865615718e94a4c6
  subpackages:
  - algoliasearch
- name: github.com/blevesearch/bleve
  version: 3351c3b0467c10fb0968118fd5bad535c6e69fbc
  subpackages:
  - analysis
  - analysis/analyzer/standard
  - analysis/datetime/flexible
  - analysis/datetime/optional
  - analysis/lang/en
  - analysis/token/lowercase
  - analysis/token/porter
  - analysis/token/stop
  - analysis/tokenizer/unicode
  - document
  - geo
  - http
  - index
  - index/store
  - index/store/boltdb
  - index/store/gtreap
  - index/upsidedown
  - mapping
  - numeric
  - registry
  - search
  - search/collector
  - search/facet
  - search/highlight
  - search/highlight/format/html
  - search/highlight/fragmenter/simple
  - search/highlight/highlighter/html
  - search/highlight/highlighter/simple
  - search/query
  - search/scorer
  - search/searcher
- name: github.com/blevesearch/go-porterstemmer
  version: 23a2c8e5cf1f380f27722c6d2ae8896431dc7d0e
  repo: https://github.com/blevesearch/go-porterstemmer
- name: github.com/blevesearch/segment
  version: db70c57796cc8c310613541dfade3dce627d09c7
  repo: https://github.com/blevesearch/segment
- name: github.com/boj/redistore
  version: 4562487a4bee9a7c272b72bfaeda4917d0a47ab9
- name: github.com/boltdb/bolt
  version: 144418e1475d8bf7abbdc48583500f1a20c62ea7
  repo: https://github.com/boltdb/bolt
- name: github.com/brandfolder/gin-gorelic
  version: b3200fd6d4c7c434fd4d4d7ecb39a3c43aa8253c
- name: github.com/cactus/go-statsd-client
  version: 1139cdac1a56e404b5382e3a3503a2c587d2c0c3
  subpackages:
  - statsd
- name: github.com/certifi/gocertifi
  version: a9c833d2837d3b16888d55d5aafa9ffe9afb22b0
- name: github.com/chzyer/readline
  version: 41eea22f717c616615e1e59aa06cf831f9901f35
- name: github.com/CloudCom/fireauth
  version: a9bc3901b2ed3797c49c67d78f748a69806cc237
- name: github.com/cosn/firebase
  version: 9a5bce64e5c22fba9ea18907bfa8dff54bd4ac12
- name: github.com/davecgh/go-spew
  version: 5215b55f46b2b919f50a1df0eaa5886afe4e3b3d
  subpackages:
  - spew
- name: github.com/dgrijalva/jwt-go
  version: 6c8dedd55f8a2e41f605de6d5d66e51ed1f299fc
- name: github.com/dustin/go-humanize
  version: 259d2a102b871d17f30e3cd9881a642961a1e486
- name: github.com/facebookgo/inject
  version: cc1aa653e50f6a9893bcaef89e673e5b24e1e97b
- name: github.com/facebookgo/structtag
  version: 217e25fb96916cc60332e399c9aa63f5c422ceed
- name: github.com/fatih/color
  version: 62e9147c64a1ed519147b62a56a14e83e2be02c1
- name: github.com/fernandez14/go-enlacefiscal
  version: efc34ef617b29a746f5dea729377a637d6a3144b
- name: github.com/fernandez14/go-siftscience
  version: a71bc26fcb076b1573669b38604e590d5fc87474
- name: github.com/flynn-archive/go-shlex
  version: 3f9db97f856818214da2e1057f8ad84803971cff
- name: github.com/ftrvxmtrx/gravatar
  version: 5aaa334f4e974f251f8049520e0decd9b50ae53f
- name: github.com/garyburd/redigo
  version: 95d11dba2d44531bdb8022752b98912baafae03a
  subpackages:
  - internal
  - redis
- name: github.com/getsentry/raven-go
  version: 4fa2ac0d29f801e79a063c0da82d37b5ff2873b2
- name: github.com/gin-gonic/contrib
  version: d4fc5a96cc0d29cb0e862bb1312dd6f4fedfcaee
  subpackages:
  - sessions
- name: github.com/gin-gonic/gin
  version: d5b353c5d5a560322e6d96121c814115562501f7
  subpackages:
  - binding
  - render
- name: github.com/go-log/log
  version: 37e2e1f19306361e1fc152a1839f1236149cb4e4
  subpackages:
  - log
- name: github.com/goinggo/work
  version: e2c4d06662b4a79fa3db3a83f65d6e252620c55e
- name: github.com/golang/protobuf
  version: 2402d76f3d41f928c7902a765dfc872356dd3aad
  subpackages:
  - proto
- name: github.com/googollee/go-engine.io
  version: 80ae0e43aca17b4c5a6834999d0f2eaa16b9afda
  subpackages:
  - message
  - parser
  - polling
  - transport
  - websocket
- name: github.com/googollee/go-socket.io
  version: 5447e71f36d394766bf855d5714a487596809f0d
- name: github.com/gorilla/context
  version: 08b5f424b9271eedf6f9f0ce86cb9396ed337a42
- name: github.com/gorilla/securecookie
  version: e59506cc896acb7f7bf732d4fdf5e25f7ccd8983
- name: github.com/gorilla/sessions
  version: 8b6b4cd75f07f7ee036eb37b8127bd40ab1efc49
- name: github.com/gorilla/websocket
  version: a91eba7f97777409bc2c443f5534d41dd20c5720
- name: github.com/graphql-go/graphql
  version: fe52096df4714b0c66bd7921ade11c976acb51a2
  subpackages:
  - gqlerrors
  - language/ast
  - language/kinds
  - language/lexer
  - language/location
  - language/parser
  - language/printer
  - language/source
  - language/typeInfo
  - language/visitor
- name: github.com/hashicorp/consul
  version: 240413f5d6c0b077376dc9fb184b2e4823c7f812
  subpackages:
  - api
  - watch
- name: github.com/hashicorp/go-cleanhttp
  version: 3573b8b52aa7b37b9358d966a898feb387f62437
- name: github.com/hashicorp/go-rootcerts
  version: 6bb64b370b90e7ef1fa532be9e591a81c3493e00
- name: github.com/hashicorp/serf
  version: dfab144618a063232d5753eaa4250a09865106c5
  subpackages:
  - coordinate
- name: github.com/hjr265/postmark.go
  version: 5546b2897115a65a0b2a9f2763f8c4253fc6423a
  subpackages:
  - postmark
- name: github.com/inconshreveable/mousetrap
  version: 76626ae9c91c4f2a10f34cad8ce83ea42c93bb75
- name: github.com/iron-io/iron_go3
  version: 830335d420db87fc84cbff7f0d1348a46b499946
  subpackages:
  - mq
- name: github.com/jinzhu/now
  version: d939ba741945c047cac69c329c5fb0d6b4a06520
- name: github.com/jmcvetta/napping
  version: e3610361938a81b6a96965d3d314d65f8610afee
- name: github.com/jmcvetta/randutil
  version: 2bb1b664bcff821e02b2a0644cd29c7e824d54f8
- name: github.com/kennygrant/sanitize
  version: 6a0bfdde8629a3a3a7418a7eae45c54154692514
- name: github.com/kr/pretty
  version: cfb55aafdaf3ec08f0db22699ab822c50091b1c4
- name: github.com/kr/text
  version: 7cafcd837844e784b526369c9bce262804aebc60
- name: github.com/leebenson/paypal
  version: c3509b40ec2e4824dbbd2b8afe31012734f1eebc
- name: github.com/manucorporat/sse
  version: ee05b128a739a0fb76c7ebd3ae4810c1de808d6d
- name: github.com/markbates/goth
  version: c04864b86001affde4fd368f960f698a27fb9d13
  subpackages:
  - providers/facebook
- name: github.com/mattn/go-colorable
  version: 5411d3eea5978e6cdc258b30de592b60df6aba96
  repo: https://github.com/mattn/go-colorable
- name: github.com/mattn/go-isatty
  version: fc9e8d8ef48496124e79ae0df75490096eccf6fe
- name: github.com/messagebird/go-rest-api
  version: c8643b4c74a7b7b89565aa6fbfa77ec555a2c830
- name: github.com/micro/go-log
  version: cbfa9447f9b655f8e66583237e51f40ca9bff860
- name: github.com/micro/go-micro
  version: 097395c5cbcce37d0d8ee673163a6a3f62824c4a
  subpackages:
  - broker
  - broker/codec
  - broker/codec/json
  - errors
  - registry
- name: github.com/micro/misc
  version: d090a0434084e482de5c73e8892b56d291881ec9
  subpackages:
  - lib/addr
  - lib/net
  - lib/tls
- name: github.com/mikespook/gorbac
  version: 9224fa92b700b1cfc192844ae817e5f8efbf0df3
- name: github.com/mitchellh/go-homedir
  version: b8bc1bf767474819792c23f32d8286a45736f1c6
- name: github.com/mitchellh/goamz
  version: caaaea8b30ee15616494ee68abd5d8ebbbef05cf
  subpackages:
  - aws
  - s3
- name: github.com/mitchellh/hashstructure
  version: 9204ce590301a868e3e86938bc12eadd416b211e
- name: github.com/newrelic/go-agent
  version: 29ec3cd1bb2f21d21d36da37dae52695cb2c3a17
  subpackages:
  - _integrations/nrgin/v1
  - internal
  - internal/jsonx
  - internal/logger
  - internal/sysinfo
  - internal/utilization
- name: github.com/olebedev/config
  version: afea898d27c7d17376ecc60c7c2e73c76b40060e
- name: github.com/op/go-logging
  version: 970db520ece77730c7e4724c61121037378659d9
- name: github.com/pborman/uuid
  version: 1b00554d822231195d1babd97ff4a781231955c9
- name: github.com/pebbe/zmq4
  version: 651d7b11cd31b16fb4c76741c234e258b6a8039b
- name: github.com/pmezard/go-difflib
  version: 792786c7400a136282c1664665ae0a8db921c6c2
  subpackages:
  - difflib
- name: github.com/robfig/cron
  version: 736158dc09e10f1911ca3a1e1b01f11b566ce5db
- name: github.com/rs/cors
  version: bf64c5349c0f7e5e1554921e798e052958e0fe2f
- name: github.com/satori/go.uuid
  version: 5bf94b69c6b68ee1b541973bb8e1144db23a194b
- name: github.com/spf13/cobra
  version: 8d4ce3549a0bf0e3569df3aae7423b7743cd05a9
- name: github.com/spf13/pflag
  version: e57e3eeb33f795204c1ca35f56c44f83227c6e66
- name: github.com/steveyen/gtreap
  version: 0abe01ef9be25c4aedc174758ec2d917314d6d70
  repo: https://github.com/steveyen/gtreap
- name: github.com/stretchr/testify
  version: f390dcf405f7b83c997eac1b06768bb9f44dec18
  subpackages:
  - assert
- name: github.com/stripe/stripe-go
  version: 21787176ce9293820f3169b29b8d7fe92afb1a5a
  subpackages:
  - account
  - balance
  - bankaccount
  - bitcoinreceiver
  - bitcointransaction
  - card
  - charge
  - client
  - countryspec
  - coupon
  - customer
  - discount
  - dispute
  - event
  - fee
  - feerefund
  - fileupload
  - invoice
  - invoiceitem
  - loginlink
  - order
  - orderitem
  - orderreturn
  - paymentsource
  - payout
  - plan
  - product
  - recipient
  - refund
  - reversal
  - sku
  - source
  - sub
  - subitem
  - token
  - transfer
- name: github.com/tj/go-debug
  version: ff4a55a20a86994118644bbddc6a216da193cc13
- name: github.com/vaughan0/go-ini
  version: a98ad7ee00ec53921f08832bc06ecf7fd600e6a1
- name: github.com/xuyu/goredis
  version: 89fbe9474b3758ff3adf0b7b29c95aeed115fb7b
- name: golang.org/x/crypto
  version: e1a4589e7d3ea14a3352255d04b6f1a418845e5e
  subpackages:
  - ssh
- name: golang.org/x/net
  version: f315505cf3349909cdf013ea56690da34e96a451
  subpackages:
  - context
  - html
  - html/atom
- name: golang.org/x/oauth2
  version: f047394b6d14284165300fd82dad67edb3a4d7f6
  subpackages:
  - internal
- name: golang.org/x/sys
  version: b90f89a1e7a9c1f6b918820b3daa7f08488c8594
  subpackages:
  - unix
- name: golang.org/x/text
  version: 5ee49cfe751141f8017047bab800d1f528ee3be1
  subpackages:
  - transform
  - unicode/norm
- name: google.golang.org/appengine
  version: a2f4131514e563cedfdb6e7d267df9ad48591e93
  subpackages:
  - internal
  - internal/base
  - internal/datastore
  - internal/log
  - internal/remote_api
  - internal/urlfetch
  - urlfetch
- name: gopkg.in/go-playground/validator.v8
  version: c193cecd124b5cc722d7ee5538e945bdb3348435
- name: gopkg.in/h2non/bimg.v0
  version: a0fc602e695f180c997b219dea06b50229c252bd
- name: gopkg.in/jmcvetta/napping.v3
  version: 4c7b4b235c63152afa9a1c6384e708e0fbfd77ca
- name: gopkg.in/jmcvetta/neoism.v1
  version: c37ec30845b63d9f168f55e837c787e08a15e9a6
- name: gopkg.in/mgo.v2
  version: 3f83fa5005286a7fe593b055f0d7771a7dce4655
  subpackages:
  - bson
  - internal/json
  - internal/sasl
  - internal/scram
- name: gopkg.in/op/go-logging.v1
  version: b2cb9fa56473e98db8caba80237377e83fe44db5
- name: gopkg.in/yaml.v2
  version: cd8b52f8269e0feb286dfeef29f8fe4d5b397e0b
testImports:
- name: github.com/gopherjs/gopherjs
  version: 7cde3d36aea3e1b3be7827c4dcbe6bbae73d012e
  subpackages:
  - js
- name: github.com/jtolds/gls
  version: 77f18212c9c7edc9bd6a33d383a7b545ce62f064
- name: github.com/smartystreets/assertions
  version: 8d53f0381cdc56c7e0f06f4995d21cd04c5a53a8
  subpackages:
  - internal/go-render/render
  - internal/oglematchers
- name: github.com/smartystreets/goconvey
  version: 9e8dc3f972df6c8fcc0375ef492c24d0bb204857
  subpackages:
  - convey
  - convey/gotest
  - convey/reporting
